dependencies:
- name: argo-cd
  repository: https://argoproj.github.io/argo-helm
  version: 5.43.5
- name: external-secrets
  repository: https://charts.external-secrets.io
  version: 0.9.0
digest: sha256:30a72760716f47cdbe3f69149d91819ed22dfc89149336460b5f1eb6b7f2e1d1
generated: "2023-08-23T12:27:25.181276424Z"
