dependencies:
- name: argo-cd
  repository: https://argoproj.github.io/argo-helm
  version: 5.36.1
- name: gitlab-runner
  repository: https://charts.gitlab.io
  version: 0.53.2
- name: werf-vault-sync
  repository: https://crash-tech.github.io/charts
  version: 1.0.0
digest: sha256:ca8fa4365344105d1b86ef3dd39c72bc230799af8ec53ca06cc17c4fd6b2b867
generated: "2023-06-09T21:06:28.615044233Z"
